
Microsoft Visual Studio Solution File, Format Version 12.00
# Visual Studio Version 17
VisualStudioVersion = 17.4.33205.214
MinimumVisualStudioVersion = 10.0.40219.1
Project("{2150E333-8FDC-42A3-9474-1A3956D46DE8}") = "movies-clean-architecture", "movies-clean-architecture", "{B6D69D7B-8754-4B33-881E-A40247AC5016}"
EndProject
Project("{FAE04EC0-301F-11D3-BF4B-00C04F79EFBC}") = "Movies.API", "movies-clean-architecture\Movies.API\Movies.API.csproj", "{D7D5FFBC-C3EA-4DAE-B79D-69406D5068C4}"
EndProject
Project("{FAE04EC0-301F-11D3-BF4B-00C04F79EFBC}") = "Movies.Core", "Movies.Core\Movies.Core.csproj", "{656F470E-D399-4339-91AA-4E4ECF77EE6E}"
EndProject
Project("{FAE04EC0-301F-11D3-BF4B-00C04F79EFBC}") = "Movies.Applications", "movies-clean-architecture\Movies.Applications\Movies.Applications.csproj", "{4341AE23-030D-4CA3-A6FA-F2861C9BFBD8}"
EndProject
Global
	GlobalSection(SolutionConfigurationPlatforms) = preSolution
		Debug|Any CPU = Debug|Any CPU
		Release|Any CPU = Release|Any CPU
	EndGlobalSection
	GlobalSection(ProjectConfigurationPlatforms) = postSolution
		{D7D5FFBC-C3EA-4DAE-B79D-69406D5068C4}.Debug|Any CPU.ActiveCfg = Debug|Any CPU
		{D7D5FFBC-C3EA-4DAE-B79D-69406D5068C4}.Debug|Any CPU.Build.0 = Debug|Any CPU
		{D7D5FFBC-C3EA-4DAE-B79D-69406D5068C4}.Release|Any CPU.ActiveCfg = Release|Any CPU
		{D7D5FFBC-C3EA-4DAE-B79D-69406D5068C4}.Release|Any CPU.Build.0 = Release|Any CPU
		{656F470E-D399-4339-91AA-4E4ECF77EE6E}.Debug|Any CPU.ActiveCfg = Debug|Any CPU
		{656F470E-D399-4339-91AA-4E4ECF77EE6E}.Debug|Any CPU.Build.0 = Debug|Any CPU
		{656F470E-D399-4339-91AA-4E4ECF77EE6E}.Release|Any CPU.ActiveCfg = Release|Any CPU
		{656F470E-D399-4339-91AA-4E4ECF77EE6E}.Release|Any CPU.Build.0 = Release|Any CPU
		{4341AE23-030D-4CA3-A6FA-F2861C9BFBD8}.Debug|Any CPU.ActiveCfg = Debug|Any CPU
		{4341AE23-030D-4CA3-A6FA-F2861C9BFBD8}.Debug|Any CPU.Build.0 = Debug|Any CPU
		{4341AE23-030D-4CA3-A6FA-F2861C9BFBD8}.Release|Any CPU.ActiveCfg = Release|Any CPU
		{4341AE23-030D-4CA3-A6FA-F2861C9BFBD8}.Release|Any CPU.Build.0 = Release|Any CPU
	EndGlobalSection
	GlobalSection(SolutionProperties) = preSolution
		HideSolutionNode = FALSE
	EndGlobalSection
	GlobalSection(NestedProjects) = preSolution
		{D7D5FFBC-C3EA-4DAE-B79D-69406D5068C4} = {B6D69D7B-8754-4B33-881E-A40247AC5016}
		{656F470E-D399-4339-91AA-4E4ECF77EE6E} = {B6D69D7B-8754-4B33-881E-A40247AC5016}
		{4341AE23-030D-4CA3-A6FA-F2861C9BFBD8} = {B6D69D7B-8754-4B33-881E-A40247AC5016}
	EndGlobalSection
	GlobalSection(ExtensibilityGlobals) = postSolution
		SolutionGuid = {2565E939-17DF-42EF-905C-2F0E67772225}
	EndGlobalSection
EndGlobal
